{
  "version": 1,
  "dependencies": {
    "net10.0": {
      "AspNetCore.HealthChecks.SqlServer": {
        "type": "Direct",
        "requested": "[9.0.0, )",
        "resolved": "9.0.0",
        "contentHash": "UxCf65iCF2nU1u7AcB320abjL4CRg5swCgJECY6mKk1j5lrGMfVtskWwriGs1T29pYdRig9Vra3SPnP+4G82pA==",
        "dependencies": {
          "Microsoft.Data.SqlClient": "5.2.2"
        }
      },
      "Azure.AI.Inference": {
        "type": "Direct",
        "requested": "[1.0.0-beta.5, )",
        "resolved": "1.0.0-beta.5",
        "contentHash": "WlXuZqwMRlckVBc8bWyNX/eOyk0fhQNK8EaqjxlZSGpHMln7qPeB3UJ7PvyoYpuVRgihW7WHLDq/GjtHyBrM5A==",
        "dependencies": {
          "Azure.Core": "1.46.1",
          "System.ClientModel": "1.4.1"
        }
      },
      "Azure.AI.OpenAI": {
        "type": "Direct",
        "requested": "[2.1.0, )",
        "resolved": "2.1.0",
        "contentHash": "doixr3tcsIcdzbzF9NxKt+6U0NKj6aPeOCPYONPsWjyf3gxVndVJAdjPcVdqeR/3vcRHXRgGnGlv+iXx5jMA4g==",
        "dependencies": {
          "Azure.Core": "1.44.1",
          "OpenAI": "2.1.0"
        }
      },
      "Azure.Identity": {
        "type": "Direct",
        "requested": "[1.17.2, )",
        "resolved": "1.17.2",
        "contentHash": "WLI9tc1NwOzvncfSfut5w/qv4f4ZC+l4JK0XXNZCMjZn6MDAgytZsNAJBI3MJs+XcPGBikedYv/dLMXryLQBeg==",
        "dependencies": {
          "Azure.Core": "1.50.0",
          "Microsoft.Identity.Client": "4.83.1",
          "Microsoft.Identity.Client.Extensions.Msal": "4.83.1"
        }
      },
      "DocumentFormat.OpenXml": {
        "type": "Direct",
        "requested": "[3.5.1, )",
        "resolved": "3.5.1",
        "contentHash": "zxdOf5VVCe/uNklbRhj8dVBzQGj3DoqkUuqOp9cAZVuN8mNYDjof1lvSQA2OQNr8Ptc9d7pbA7Azq/ReaI3FpA==",
        "dependencies": {
          "DocumentFormat.OpenXml.Framework": "3.5.1"
        }
      },
      "FluentResults": {
        "type": "Direct",
        "requested": "[4.0.0, )",
        "resolved": "4.0.0",
        "contentHash": "wKfdLvDnDVhXlSreU7u/NFNHH6EfoOhAloEID4ePAyk+ZliowKZJvX+aCL4hxhFc9Jj74t62amS4LyOYTjXGCg=="
      },
      "FluentValidation.AspNetCore": {
        "type": "Direct",
        "requested": "[11.3.1, )",
        "resolved": "11.3.1",
        "contentHash": "FjkfrGGwC+25oH8QpX1ti3gxkFjDDtotkAQWyQz2CkwQwEfRKTANjhh77I79kY8dov2ydK1SY+e4jiOWsbbDdQ==",
        "dependencies": {
          "FluentValidation": "11.11.0",
          "FluentValidation.DependencyInjectionExtensions": "11.11.0"
        }
      },
      "Mapster": {
        "type": "Direct",
        "requested": "[10.0.7, )",
        "resolved": "10.0.7",
        "contentHash": "bZgWXyTM21Bc6Xrvk2BzPCFTwnvyTNSO4fUli/DVm02Kya80r5sY9ackpsECVlUqbda7ck9hr/1oKrCyI8yXmw==",
        "dependencies": {
          "Mapster.Core": "10.0.7"
        }
      },
      "Microsoft.EntityFrameworkCore.Design": {
        "type": "Direct",
        "requested": "[10.0.9, )",
        "resolved": "10.0.9",
        "contentHash": "NxgqhpB89S6BViMku9B476KopBumtk0IQ4/iVn2GeeUBW9SyzLvWwOR0zPgcooAtRlR0UVzXkaUs71gYHSAbHg==",
        "dependencies": {
          "Humanizer.Core": "2.14.1",
          "Microsoft.Build.Framework": "18.0.2",
          "Microsoft.CodeAnalysis.CSharp": "5.0.0",
          "Microsoft.CodeAnalysis.CSharp.Workspaces": "5.0.0",
          "Microsoft.CodeAnalysis.Workspaces.MSBuild": "5.0.0",
          "Microsoft.EntityFrameworkCore.Relational": "10.0.9",
          "Microsoft.Extensions.DependencyModel": "10.0.9",
          "Mono.TextTemplating": "3.0.0",
          "Newtonsoft.Json": "13.0.3"
        }
      },
      "Microsoft.EntityFrameworkCore.SqlServer": {
        "type": "Direct",
        "requested": "[10.0.9, )",
        "resolved": "10.0.9",
        "contentHash": "wjgpB/UFSeMU3uMfMzD4so567vJi5UugE6iTcONBx+rPb/PWpjYlzYKyxm2pGAFNpTFNbqoirtt7uUCc97Tfiw==",
        "dependencies": {
          "Microsoft.Data.SqlClient": "6.1.1",
          "Microsoft.EntityFrameworkCore.Relational": "10.0.9"
        }
      },
      "Microsoft.Extensions.Http.Resilience": {
        "type": "Direct",
        "requested": "[10.7.0, )",
        "resolved": "10.7.0",
        "contentHash": "3Lip0MkBVPtqU1wCM2M2Y8CzsqxA1BanVNMV9LQYMTwBgy25NDe6U9nSk6SfmsxXlh77iwSQuPsyjt5mxrOGmQ==",
        "dependencies": {
          "Microsoft.Extensions.Http.Diagnostics": "10.7.0",
          "Microsoft.Extensions.Resilience": "10.7.0"
        }
      },
      "Microsoft.Identity.Client": {
        "type": "Direct",
        "requested": "[4.84.2, )",
        "resolved": "4.84.2",
        "contentHash": "Va9FjmABSgj/lcUfHH0pBNQkmS7SNyepz2ERV7Yynp6QgEYpFdSqR6Vzy1WWipN8GS5pBHuXoZbqaDWuARCrHQ==",
        "dependencies": {
          "Microsoft.IdentityModel.Abstractions": "8.14.0"
        }
      },
      "Microsoft.Identity.Web": {
        "type": "Direct",
        "requested": "[4.10.0, )",
        "resolved": "4.10.0",
        "contentHash": "e2uZO2lyUaC/BDBSw5eScgyNi8YFlM+BxrWnLxcbrKbbeRQ1i5JdDlXTrAmircj+wxBhSrYsITDgJcafj+LCZQ==",
        "dependencies": {
          "Microsoft.Identity.Web.Certificate": "4.10.0",
          "Microsoft.Identity.Web.Certificateless": "4.10.0",
          "Microsoft.Identity.Web.TokenAcquisition": "4.10.0",
          "Microsoft.Identity.Web.TokenCache": "4.10.0",
          "Microsoft.IdentityModel.Protocols.OpenIdConnect": "8.18.0",
          "Microsoft.IdentityModel.Validators": "8.18.0",
          "System.IdentityModel.Tokens.Jwt": "8.18.0"
        }
      },
      "Microsoft.OpenApi": {
        "type": "Direct",
        "requested": "[3.9.0, )",
        "resolved": "3.9.0",
        "contentHash": "2sDK6AFY1L/Xg8JvwlaDoPwzGqCftjUgHG2NhCy8gNV/1v4eXziYoH39e/pwC7oTBJInuYUUJqfkRpIMPQ/Fyw=="
      },
      "OpenTelemetry.Exporter.OpenTelemetryProtocol": {
        "type": "Direct",
        "requested": "[1.16.0, )",
        "resolved": "1.16.0",
        "contentHash": "gzYLY8sVDY5FYtVlCYSzBYX53xslRlvBLxwFYOdNIhc76SgKdFYUoDQXOeQI3WPBCrZp51QNcP6fZHh1+HtpIQ==",
        "dependencies": {
          "OpenTelemetry": "1.16.0"
        }
      },
      "OpenTelemetry.Extensions.Hosting": {
        "type": "Direct",
        "requested": "[1.16.0, )",
        "resolved": "1.16.0",
        "contentHash": "/YfrO5MRaA156vhNanYGPX2JjOwKUrA0+Jf7ltT2eD3VkfHqXcEJY5Oxt/nWH8lqBOTc1nJpn2soBtD5Cml8Dg==",
        "dependencies": {
          "OpenTelemetry": "1.16.0"
        }
      },
      "OpenTelemetry.Instrumentation.AspNetCore": {
        "type": "Direct",
        "requested": "[1.15.2, )",
        "resolved": "1.15.2",
        "contentHash": "2nPd7r0ug/gd6/CNFL6Rlu+RSQ9WYGSGHAYQ1ssbSqyzKJpqTunfx2I/1O0WB5k+L0cyXbG4XVZpoSoUc3M7wg==",
        "dependencies": {
          "OpenTelemetry.Api.ProviderBuilderExtensions": "[1.15.3, 2.0.0)"
        }
      },
      "OpenTelemetry.Instrumentation.Http": {
        "type": "Direct",
        "requested": "[1.15.1, )",
        "resolved": "1.15.1",
        "contentHash": "vFO4Fj/dXkoVNGo/nhoGpO2zYQmZwr4jTID7oRGo+XlQ8LqksyZjUXQ4p39RfUvTID7IzzL8Qe71tW7CcAFymA==",
        "dependencies": {
          "OpenTelemetry.Api.ProviderBuilderExtensions": "[1.15.3, 2.0.0)"
        }
      },
      "OpenTelemetry.Instrumentation.Runtime": {
        "type": "Direct",
        "requested": "[1.15.1, )",
        "resolved": "1.15.1",
        "contentHash": "cpPwlUT5HXcLGPaIgsbSy0W9eFYAPGVbTP1p8/uyQ4Osvf5BJuPpEXE7crL09SmEd44r0DGNKDtsqxaAz0HxQw==",
        "dependencies": {
          "OpenTelemetry.Api": "[1.15.3, 2.0.0)"
        }
      },
      "Serilog.AspNetCore": {
        "type": "Direct",
        "requested": "[10.0.0, )",
        "resolved": "10.0.0",
        "contentHash": "a/cNa1mY4On1oJlfGG1wAvxjp5g7OEzk/Jf/nm7NF9cWoE7KlZw1GldrifUBWm9oKibHkR7Lg/l5jy3y7ACR8w==",
        "dependencies": {
          "Serilog": "4.3.0",
          "Serilog.Extensions.Hosting": "10.0.0",
          "Serilog.Formatting.Compact": "3.0.0",
          "Serilog.Settings.Configuration": "10.0.0",
          "Serilog.Sinks.Console": "6.1.1",
          "Serilog.Sinks.Debug": "3.0.0",
          "Serilog.Sinks.File": "7.0.0"
        }
      },
      "Swashbuckle.AspNetCore": {
        "type": "Direct",
        "requested": "[6.9.0, )",
        "resolved": "6.9.0",
        "contentHash": "lvI+XHF21tkwXd2nDCLGJsdhdUYsY3Ax2fWUlvw81Oa6EedtnIAf5tThy8ZnPcz/9/TwsLgjgtX9ifOCIjbEPA==",
        "dependencies": {
          "Microsoft.Extensions.ApiDescription.Server": "6.0.5",
          "Swashbuckle.AspNetCore.Swagger": "6.9.0",
          "Swashbuckle.AspNetCore.SwaggerGen": "6.9.0",
          "Swashbuckle.AspNetCore.SwaggerUI": "6.9.0"
        }
      },
      "UglyToad.PdfPig": {
        "type": "Direct",
        "requested": "[1.7.0-custom-5, )",
        "resolved": "1.7.0-custom-5",
        "contentHash": "mddnoBg+XV5YZJg+lp/LlXQ9NY9/oV/MoNjLbbLHw0uTymfyuinVePQB4ff/ELRv3s6n0G7h8q3Ycb3KYg+hgQ==",
        "dependencies": {
          "UglyToad.PdfPig.Core": "1.7.0-custom-5",
          "UglyToad.PdfPig.Fonts": "1.7.0-custom-5",
          "UglyToad.PdfPig.Tokenization": "1.7.0-custom-5",
          "UglyToad.PdfPig.Tokens": "1.7.0-custom-5"
        }
      },
      "Azure.Core": {
        "type": "Transitive",
        "resolved": "1.50.0",
        "contentHash": "GBNKZEhdIbTXxedvD3R7I/yDVFX9jJJEz02kCziFSJxspSQ5RMHc3GktulJ1s7+ffXaXD7kMgrtdQTaggyInLw==",
        "dependencies": {
          "Microsoft.Bcl.AsyncInterfaces": "8.0.0",
          "System.ClientModel": "1.8.0",
          "System.Memory.Data": "8.0.1"
        }
      },
      "Azure.Security.KeyVault.Certificates": {
        "type": "Transitive",
        "resolved": "4.6.0",
        "contentHash": "e2ATU/n2ZDL/S8A8EdrcfKEvKc2BojCrrSpmM+JKnrSTQS32x/W0Ldu8utk+epLKwXvSJRSWtlgdo7X8hG1mCg==",
        "dependencies": {
          "Azure.Core": "1.37.0"
        }
      },
      "Azure.Security.KeyVault.Secrets": {
        "type": "Transitive",
        "resolved": "4.6.0",
        "contentHash": "vwPceoznuT6glvirZcXlaCQrh1uzTSxpZUi2hRFNumHiS3hVyqIXI5fgWiLtlBzwqPJMTr0flUoSvGKjXXQlfg==",
        "dependencies": {
          "Azure.Core": "1.37.0"
        }
      },
      "DocumentFormat.OpenXml.Framework": {
        "type": "Transitive",
        "resolved": "3.5.1",
        "contentHash": "U5txtc3ORno73xQx9Lf2gWzfaSZnZwKHfLkTAslhlew9lxe5XbUiCt0dY1fHeAf8yRqszUAe5i/+xLC9R/Xfsw==",
        "dependencies": {
          "System.IO.Packaging": "10.0.2"
        }
      },
      "FluentValidation": {
        "type": "Transitive",
        "resolved": "11.11.0",
        "contentHash": "cyIVdQBwSipxWG8MA3Rqox7iNbUNUTK5bfJi9tIdm4CAfH71Oo5ABLP4/QyrUwuakqpUEPGtE43BDddvEehuYw=="
      },
      "FluentValidation.DependencyInjectionExtensions": {
        "type": "Transitive",
        "resolved": "11.11.0",
        "contentHash": "viTKWaMbL3yJYgGI0DiCeavNbE9UPMWFVK2XS9nYXGbm3NDMd0/L5ER4wBzmTtW3BYh3SrlSXm9RACiKZ6stlA==",
        "dependencies": {
          "FluentValidation": "11.11.0"
        }
      },
      "Humanizer.Core": {
        "type": "Transitive",
        "resolved": "2.14.1",
        "contentHash": "lQKvtaTDOXnoVJ20ibTuSIOf2i0uO0MPbDhd1jm238I+U/2ZnRENj0cktKZhtchBMtCUSRQ5v4xBCUbKNmyVMw=="
      },
      "Mapster.Core": {
        "type": "Transitive",
        "resolved": "10.0.7",
        "contentHash": "73Bd0aZ+t6DoG3X4FYDfOyVgvLxgUXJKIjrps3W1n7MR03DIWI+sL62VqQSPwuJdn7WJb8HYhkH/BNZ6ZlJydw=="
      },
      "Microsoft.AspNetCore.Authentication.JwtBearer": {
        "type": "Transitive",
        "resolved": "10.0.0",
        "contentHash": "0BgDfT1GoZnzjJOBwx5vFMK5JtqsTEas9pCEwd1/KKxNUAqFmreN60WeUoF+CsmSd9tOQuqWedvdBo/QqHuNTQ==",
        "dependencies": {
          "Microsoft.IdentityModel.Protocols.OpenIdConnect": "8.0.1"
        }
      },
      "Microsoft.AspNetCore.Authentication.OpenIdConnect": {
        "type": "Transitive",
        "resolved": "10.0.0",
        "contentHash": "6ATONu+5A2oh/vzmoFhf3cuQcclMaWGHrb1kvjVsYtml+gzuWD48MmbsItM4xAUQkJZ2t8XFmbGp8pZLPxKneA==",
        "dependencies": {
          "Microsoft.IdentityModel.Protocols.OpenIdConnect": "8.0.1"
        }
      },
      "Microsoft.Bcl.AsyncInterfaces": {
        "type": "Transitive",
        "resolved": "8.0.0",
        "contentHash": "3WA9q9yVqJp222P3x1wYIGDAkpjAku0TMUaaQV22g6L67AI0LdOIrVS7Ht2vJfLHGSPVuqN94vIr15qn+HEkHw=="
      },
      "Microsoft.Bcl.Cryptography": {
        "type": "Transitive",
        "resolved": "9.0.4",
        "contentHash": "YgZYAWzyNuPVtPq6WNm0bqOWNjYaWgl5mBWTGZyNoXitYBUYSp6iUB9AwK0V1mo793qRJUXz2t6UZrWITZSvuQ=="
      },
      "Microsoft.Build.Framework": {
        "type": "Transitive",
        "resolved": "18.0.2",
        "contentHash": "sOSb+0J4G/jCBW/YqmRuL0eOMXgfw1KQLdC9TkbvfA5xs7uNm+PBQXJCOzSJGXtZcZrtXozcwxPmUiRUbmd7FA=="
      },
      "Microsoft.CodeAnalysis.Analyzers": {
        "type": "Transitive",
        "resolved": "3.11.0",
        "contentHash": "v/EW3UE8/lbEYHoC2Qq7AR/DnmvpgdtAMndfQNmpuIMx/Mto8L5JnuCfdBYtgvalQOtfNCnxFejxuRrryvUTsg=="
      },
      "Microsoft.CodeAnalysis.Common": {
        "type": "Transitive",
        "resolved": "5.0.0",
        "contentHash": "ZXRAdvH6GiDeHRyd3q/km8Z44RoM6FBWHd+gen/la81mVnAdHTEsEkO5J0TCNXBymAcx5UYKt5TvgKBhaLJEow==",
        "dependencies": {
          "Microsoft.CodeAnalysis.Analyzers": "3.11.0"
        }
      },
      "Microsoft.CodeAnalysis.CSharp": {
        "type": "Transitive",
        "resolved": "5.0.0",
        "contentHash": "5DSyJ9bk+ATuDy7fp2Zt0mJStDVKbBoiz1DyfAwSa+k4H4IwykAUcV3URelw5b8/iVbfSaOwkwmPUZH6opZKCw==",
        "dependencies": {
          "Microsoft.CodeAnalysis.Analyzers": "3.11.0",
          "Microsoft.CodeAnalysis.Common": "[5.0.0]"
        }
      },
      "Microsoft.CodeAnalysis.CSharp.Workspaces": {
        "type": "Transitive",
        "resolved": "5.0.0",
        "contentHash": "Al/Q8B+yO8odSqGVpSvrShMFDvlQdIBU//F3E6Rb0YdiLSALE9wh/pvozPNnfmh5HDnvU+mkmSjpz4hQO++jaA==",
        "dependencies": {
          "Humanizer.Core": "2.14.1",
          "Microsoft.CodeAnalysis.Analyzers": "3.11.0",
          "Microsoft.CodeAnalysis.CSharp": "[5.0.0]",
          "Microsoft.CodeAnalysis.Common": "[5.0.0]",
          "Microsoft.CodeAnalysis.Workspaces.Common": "[5.0.0]",
          "System.Composition": "9.0.0"
        }
      },
      "Microsoft.CodeAnalysis.Workspaces.Common": {
        "type": "Transitive",
        "resolved": "5.0.0",
        "contentHash": "ZbUmIvT6lqTNKiv06Jl5wf0MTMi1vQ1oH7ou4CLcs2C/no/L7EhP3T8y3XXvn9VbqMcJaJnEsNA1jwYUMgc5jg==",
        "dependencies": {
          "Humanizer.Core": "2.14.1",
          "Microsoft.CodeAnalysis.Analyzers": "3.11.0",
          "Microsoft.CodeAnalysis.Common": "[5.0.0]",
          "System.Composition": "9.0.0"
        }
      },
      "Microsoft.CodeAnalysis.Workspaces.MSBuild": {
        "type": "Transitive",
        "resolved": "5.0.0",
        "contentHash": "/G+LVoAGMz6Ae8nm+PGLxSw+F5RjYx/J7irbTO5uKAPw1bxHyQJLc/YOnpDxt+EpPtYxvC9wvBsg/kETZp1F9Q==",
        "dependencies": {
          "Humanizer.Core": "2.14.1",
          "Microsoft.Build.Framework": "17.11.31",
          "Microsoft.CodeAnalysis.Analyzers": "3.11.0",
          "Microsoft.CodeAnalysis.Workspaces.Common": "[5.0.0]",
          "Microsoft.VisualStudio.SolutionPersistence": "1.0.52",
          "Newtonsoft.Json": "13.0.3",
          "System.Composition": "9.0.0"
        }
      },
      "Microsoft.Data.SqlClient": {
        "type": "Transitive",
        "resolved": "6.1.1",
        "contentHash": "syGQmIUPAYYHAHyTD8FCkTNThpQWvoA7crnIQRMfp8dyB5A2cWU3fQexlRTFkVmV7S0TjVmthi0LJEFVjHo8AQ==",
        "dependencies": {
          "Azure.Core": "1.47.1",
          "Azure.Identity": "1.14.2",
          "Microsoft.Bcl.Cryptography": "9.0.4",
          "Microsoft.Data.SqlClient.SNI.runtime": "6.0.2",
          "Microsoft.IdentityModel.JsonWebTokens": "7.7.1",
          "Microsoft.IdentityModel.Protocols.OpenIdConnect": "7.7.1",
          "Microsoft.SqlServer.Server": "1.0.0",
          "System.Configuration.ConfigurationManager": "9.0.4",
          "System.Security.Cryptography.Pkcs": "9.0.4"
        }
      },
      "Microsoft.Data.SqlClient.SNI.runtime": {
        "type": "Transitive",
        "resolved": "6.0.2",
        "contentHash": "f+pRODTWX7Y67jXO3T5S2dIPZ9qMJNySjlZT/TKmWVNWe19N8jcWmHaqHnnchaq3gxEKv1SWVY5EFzOD06l41w=="
      },
      "Microsoft.EntityFrameworkCore": {
        "type": "Transitive",
        "resolved": "10.0.9",
        "contentHash": "tu85SRzOT021V7EQlViCiAE7TqldVn469Y6lt5TEn/+XC4/MeNCHgMRSxqYuWqvF4zAQZUhCmtNEZuM3ss4LeA==",
        "dependencies": {
          "Microsoft.EntityFrameworkCore.Abstractions": "10.0.9",
          "Microsoft.EntityFrameworkCore.Analyzers": "10.0.9"
        }
      },
      "Microsoft.EntityFrameworkCore.Abstractions": {
        "type": "Transitive",
        "resolved": "10.0.9",
        "contentHash": "GRMaiPkqYna/gCsyDffYDWmefGPC3hDrdMw+2rrGcQwhs6uZOsaMQXMJnoXQ35tx9SkBV2ieRRU9N/jLOO6BZw=="
      },
      "Microsoft.EntityFrameworkCore.Analyzers": {
        "type": "Transitive",
        "resolved": "10.0.9",
        "contentHash": "aiEFB+C5EsZGqxvMPazE07hbWsp4iPaufJpanGt5O+lrwv7mJLrqma5haVIgFAPCyhQkmk75XSCEubT1zUjxtA=="
      },
      "Microsoft.EntityFrameworkCore.Relational": {
        "type": "Transitive",
        "resolved": "10.0.9",
        "contentHash": "dEoyYKgiaZHHgOFm1WMWm1sFEsEuhPWufX4L9PekKtqd/RaIcPjkCjvbrVvJtApErb5wPSJhYvnTlxhH+p9h2g==",
        "dependencies": {
          "Microsoft.EntityFrameworkCore": "10.0.9"
        }
      },
      "Microsoft.Extensions.AmbientMetadata.Application": {
        "type": "Transitive",
        "resolved": "10.7.0",
        "contentHash": "yZ0818pVYQvUFW/1m+f8A1+lIAeSeQxEOdUCMIC+tqcRRKlqNjKPRKvGHPp8xLRbZBLaHfBtDslJa/sofn7J/Q=="
      },
      "Microsoft.Extensions.ApiDescription.Server": {
        "type": "Transitive",
        "resolved": "6.0.5",
        "contentHash": "Ckb5EDBUNJdFWyajfXzUIMRkhf52fHZOQuuZg/oiu8y7zDCVwD0iHhew6MnThjHmevanpxL3f5ci2TtHQEN6bw=="
      },
      "Microsoft.Extensions.Compliance.Abstractions": {
        "type": "Transitive",
        "resolved": "10.7.0",
        "contentHash": "qbi6lg6dyvydBvpjXeBx3wLPvmgXWn3nwkKBOsgEck6w++BEsBcv8YhdcczME16Oq+a6wkdtna9/qCEkxsNw5A=="
      },
      "Microsoft.Extensions.DependencyInjection.AutoActivation": {
        "type": "Transitive",
        "resolved": "10.7.0",
        "contentHash": "WrSK0FGHSjSY4Pg4kd9Du8CUDwrgFTwHH1Y+N7sjyT6RFMU+G3coQ/Uq9PMGdQcy+DVKSMGHjfmWY47ZoYvhNA=="
      },
      "Microsoft.Extensions.DependencyModel": {
        "type": "Transitive",
        "resolved": "10.0.9",
        "contentHash": "SCDTQ6HubnRvTUjR7dgMKHZvNoCb03t44ttHL8trlFTGgfDteWn/0nRdOxDhcI+lTWhKgd/flCVJEtAOPhSLNg=="
      },
      "Microsoft.Extensions.Diagnostics.ExceptionSummarization": {
        "type": "Transitive",
        "resolved": "10.7.0",
        "contentHash": "Kc4XbbxtCzvn2P/fKF48xLWPbp3N5DV0MkJlgPJHEb47PUqCJ6kEl/JTKfpmP7QLuwYjx2QxKTdtwXfpjgA6KQ=="
      },
      "Microsoft.Extensions.Http.Diagnostics": {
        "type": "Transitive",
        "resolved": "10.7.0",
        "contentHash": "1m1zdBGW5J8MOxdZpJ5mUqdSaamRrYkpmfnEfeDmlZnglpfgDztcKOBU6cVsmn90AB7Ji2w8USvEsJ8PahbBWQ==",
        "dependencies": {
          "Microsoft.Extensions.Telemetry": "10.7.0"
        }
      },
      "Microsoft.Extensions.Resilience": {
        "type": "Transitive",
        "resolved": "10.7.0",
        "contentHash": "ldUrtRzWSnfe5945xoSxDXxoWXnIKn19E74Huieyp76XW/BjRk3bhkILSSib1NKdZ2lpi/ReTvOpNGcJ8hkOxw==",
        "dependencies": {
          "Microsoft.Extensions.Diagnostics.ExceptionSummarization": "10.7.0",
          "Microsoft.Extensions.Telemetry.Abstractions": "10.7.0",
          "Polly.Extensions": "8.4.2",
          "Polly.RateLimiting": "8.4.2"
        }
      },
      "Microsoft.Extensions.Telemetry": {
        "type": "Transitive",
        "resolved": "10.7.0",
        "contentHash": "vZFNVvkz+7IABEv4klzPX/ZdmZQ6TrcReKUfeYIrQ2bbnvEcgZtG1RmOGeWkc1hFg8cq9sAgUc2lHCqlXSqf5A==",
        "dependencies": {
          "Microsoft.Extensions.AmbientMetadata.Application": "10.7.0",
          "Microsoft.Extensions.DependencyInjection.AutoActivation": "10.7.0",
          "Microsoft.Extensions.Telemetry.Abstractions": "10.7.0"
        }
      },
      "Microsoft.Extensions.Telemetry.Abstractions": {
        "type": "Transitive",
        "resolved": "10.7.0",
        "contentHash": "ir1QKShZzfEmqO9LUWESVMUDZdnxYBSKQyulYPMeaye531lAuT8YTotthx+htrrS8hZY52HANeqowLQyCYBCZg==",
        "dependencies": {
          "Microsoft.Extensions.Compliance.Abstractions": "10.7.0"
        }
      },
      "Microsoft.Identity.Abstractions": {
        "type": "Transitive",
        "resolved": "12.0.0",
        "contentHash": "PW7ymSop61IsKJwOkPibZcCslW+mRL8uz+AmB9ixe9HBCQjV/duEIbjNzjRcD7tDn563TqTsg2hoFwo62RR6YA=="
      },
      "Microsoft.Identity.Client.Extensions.Msal": {
        "type": "Transitive",
        "resolved": "4.83.1",
        "contentHash": "I3k4J4Hj4KbLEFanjeUzzDOVecukETaTgEkJ7h2pP/Yazs6SLp6TVUTo/Eo+ptPXMwvc+iX7rBFtMSUrA7R+Mg==",
        "dependencies": {
          "Microsoft.Identity.Client": "4.83.1",
          "System.Security.Cryptography.ProtectedData": "4.5.0"
        }
      },
      "Microsoft.Identity.Web.Certificate": {
        "type": "Transitive",
        "resolved": "4.10.0",
        "contentHash": "bA7SruYp4SqW+5J6RMR2PJXntQN1/eafiJfPzLf5MBomSoy6/OVhFwE0JCcR7+TuUTv5Qb0xNeOAJFrh2UaUVA==",
        "dependencies": {
          "Azure.Identity": "1.17.2",
          "Azure.Security.KeyVault.Certificates": "4.6.0",
          "Azure.Security.KeyVault.Secrets": "4.6.0",
          "Microsoft.Identity.Abstractions": "12.0.0",
          "Microsoft.Identity.Web.Certificateless": "4.10.0",
          "Microsoft.Identity.Web.Diagnostics": "4.10.0"
        }
      },
      "Microsoft.Identity.Web.Certificateless": {
        "type": "Transitive",
        "resolved": "4.10.0",
        "contentHash": "j02gcFlNj8iQPgqGCigHUwG0fb5rdoXUrsagaw29pdzLHmbSx8rEQ3WWYnMXgnhYLjFDY+NAEVnRlChj5dUpqg==",
        "dependencies": {
          "Microsoft.Identity.Client": "4.84.1",
          "Microsoft.IdentityModel.JsonWebTokens": "8.18.0"
        }
      },
      "Microsoft.Identity.Web.Diagnostics": {
        "type": "Transitive",
        "resolved": "4.10.0",
        "contentHash": "X60aYFVM6Syjx+QiBmIzdTUlt46j4NZOqvbhHHHkfkH120NxyaCmt7cLjZemDxUGpy3pNYlDVhyBo3Facey+7Q=="
      },
      "Microsoft.Identity.Web.TokenAcquisition": {
        "type": "Transitive",
        "resolved": "4.10.0",
        "contentHash": "vxTt7FSijGuYVdO8ZB6BKkVz9eDBJVegXEdJ7g76jiWw1xfaxH4mZBomHEZxDUVyWp2iyeuCER/4ubcsu2NPBA==",
        "dependencies": {
          "Microsoft.AspNetCore.Authentication.JwtBearer": "10.0.0",
          "Microsoft.AspNetCore.Authentication.OpenIdConnect": "10.0.0",
          "Microsoft.Identity.Abstractions": "12.0.0",
          "Microsoft.Identity.Web.Certificate": "4.10.0",
          "Microsoft.Identity.Web.Certificateless": "4.10.0",
          "Microsoft.Identity.Web.TokenCache": "4.10.0",
          "Microsoft.IdentityModel.Logging": "8.18.0",
          "Microsoft.IdentityModel.LoggingExtensions": "8.18.0",
          "Microsoft.IdentityModel.Protocols.OpenIdConnect": "8.18.0",
          "System.IdentityModel.Tokens.Jwt": "8.18.0"
        }
      },
      "Microsoft.Identity.Web.TokenCache": {
        "type": "Transitive",
        "resolved": "4.10.0",
        "contentHash": "kSLiNicNcEwb2cfT8zTOV65NEozYclSfTe/Hh8K0OrOLtmdjk5SpATdJx1bY0rXGKXo2bR7sxvNDOl8BdIGvnQ==",
        "dependencies": {
          "Microsoft.Identity.Client": "4.84.1",
          "Microsoft.Identity.Web.Diagnostics": "4.10.0",
          "System.Security.Cryptography.Pkcs": "10.0.7"
        }
      },
      "Microsoft.IdentityModel.Abstractions": {
        "type": "Transitive",
        "resolved": "8.18.0",
        "contentHash": "8VUcDy66uw1GUC/ytyRJAUgGxydPu2rLtUbUAiniCHd5SMB/01Q28XgqFyxIqb3srz6HWTgSsZdDbkdVJr3LXQ=="
      },
      "Microsoft.IdentityModel.JsonWebTokens": {
        "type": "Transitive",
        "resolved": "8.18.0",
        "contentHash": "ZUMJt3r1zOi67AVSfnh3u9hg9KCq06roOIX5gs7FqsucSZ/VTsI89DI9h2gHyU0xOtj/qVZV2ugWS6JlLMTwHQ==",
        "dependencies": {
          "Microsoft.IdentityModel.Tokens": "8.18.0"
        }
      },
      "Microsoft.IdentityModel.Logging": {
        "type": "Transitive",
        "resolved": "8.18.0",
        "contentHash": "c2l/VEtW1XI/ifcu49xzDwgrZZ0a0aX/TwCPC7mEHFQk/KixDgtSdjB5eDhYyCO38GJiRUjeRTz9aWCy1t55ww==",
        "dependencies": {
          "Microsoft.IdentityModel.Abstractions": "8.18.0"
        }
      },
      "Microsoft.IdentityModel.LoggingExtensions": {
        "type": "Transitive",
        "resolved": "8.18.0",
        "contentHash": "RoSuGA0zPvWHwKMlQK9x4EHWSPDURwig1fHNGGXE6Kd33wFZFaQsWS4YVS3XVJldMqSvqF0WiJD0rzPH+LYRlg==",
        "dependencies": {
          "Microsoft.IdentityModel.Abstractions": "8.18.0"
        }
      },
      "Microsoft.IdentityModel.Protocols": {
        "type": "Transitive",
        "resolved": "8.18.0",
        "contentHash": "kKimlJy4j5m9ZkX/RTp12+gvxzM+QU5H3h7zzdroTt0v10/7AQsHG4tqi3ixvNjx5PPY0JnbpBsNXC/Xb1+sgQ==",
        "dependencies": {
          "Microsoft.IdentityModel.Tokens": "8.18.0"
        }
      },
      "Microsoft.IdentityModel.Protocols.OpenIdConnect": {
        "type": "Transitive",
        "resolved": "8.18.0",
        "contentHash": "suO9qM+gTjIMmHiEwZFitx1Z0BROQwTT3BYJJCDM/+djBAolhXHVpZzTzIFAxkjgakJRNCRlZi9ecZ2g68Pn5w==",
        "dependencies": {
          "Microsoft.IdentityModel.Protocols": "8.18.0",
          "System.IdentityModel.Tokens.Jwt": "8.18.0"
        }
      },
      "Microsoft.IdentityModel.Tokens": {
        "type": "Transitive",
        "resolved": "8.18.0",
        "contentHash": "c6ksXXFj5oPPsl8pfsui5zv8Gs7uxrGetXCTc1p7k7Nue/C8iBMtAVgtRrH7Esqe596QWD7KS3exKYY1FJG2iw==",
        "dependencies": {
          "Microsoft.IdentityModel.Logging": "8.18.0"
        }
      },
      "Microsoft.IdentityModel.Validators": {
        "type": "Transitive",
        "resolved": "8.18.0",
        "contentHash": "JjqoKHMlPTFk4DkLvN/eO8scc5Am568Rc9juN9YGB6isHCuIllQNOCZqCZzk1fvrfnw4EL4mP57U0936KRcMGQ==",
        "dependencies": {
          "Microsoft.IdentityModel.Protocols": "8.18.0",
          "Microsoft.IdentityModel.Protocols.OpenIdConnect": "8.18.0",
          "Microsoft.IdentityModel.Tokens": "8.18.0",
          "System.IdentityModel.Tokens.Jwt": "8.18.0"
        }
      },
      "Microsoft.SqlServer.Server": {
        "type": "Transitive",
        "resolved": "1.0.0",
        "contentHash": "N4KeF3cpcm1PUHym1RmakkzfkEv3GRMyofVv40uXsQhCQeglr2OHNcUk2WOG51AKpGO8ynGpo9M/kFXSzghwug=="
      },
      "Microsoft.VisualStudio.SolutionPersistence": {
        "type": "Transitive",
        "resolved": "1.0.52",
        "contentHash": "oNv2JtYXhpdJrX63nibx1JT3uCESOBQ1LAk7Dtz/sr0+laW0KRM6eKp4CZ3MHDR2siIkKsY8MmUkeP5DKkQQ5w=="
      },
      "Mono.TextTemplating": {
        "type": "Transitive",
        "resolved": "3.0.0",
        "contentHash": "YqueG52R/Xej4VVbKuRIodjiAhV0HR/XVbLbNrJhCZnzjnSjgMJ/dCdV0akQQxavX6hp/LC6rqLGLcXeQYU7XA==",
        "dependencies": {
          "System.CodeDom": "6.0.0"
        }
      },
      "Newtonsoft.Json": {
        "type": "Transitive",
        "resolved": "13.0.3",
        "contentHash": "HrC5BXdl00IP9zeV+0Z848QWPAoCr9P3bDEZguI+gkLcBKAOxix/tLEAAHC+UvDNPv4a2d18lOReHMOagPa+zQ=="
      },
      "OpenAI": {
        "type": "Transitive",
        "resolved": "2.1.0",
        "contentHash": "zl72nyP4O94ZyEoCLoE8qoc5vp8kSJmRuqR+UdK+jNIjFJGWJYjsb4rAGpMWWRTbPYuk82E8myMJdVQurMLDnQ==",
        "dependencies": {
          "System.ClientModel": "1.2.1"
        }
      },
      "OpenTelemetry": {
        "type": "Transitive",
        "resolved": "1.16.0",
        "contentHash": "nE/Px3MUvQC8c0UG0DOP5OJE7vMtiMaPYi/6TkSS/o/O0s/oPq+8WaPYTVEPzb7lwu/QyLgknc+sFm2FjPXe2A==",
        "dependencies": {
          "OpenTelemetry.Api.ProviderBuilderExtensions": "1.16.0"
        }
      },
      "OpenTelemetry.Api": {
        "type": "Transitive",
        "resolved": "1.16.0",
        "contentHash": "WZP8Eb6vZTeNqeV+fjBitc7iefBoTHIhaWorqg/h/YiQBlcQJu0bICuTqKV0XRyjiE0eWs80yLlnUtHAFSkFWA=="
      },
      "OpenTelemetry.Api.ProviderBuilderExtensions": {
        "type": "Transitive",
        "resolved": "1.16.0",
        "contentHash": "hZwaHAkXvUNn9+cS+vEvYBgIrIQOQRz2cIRUODZ5gxHsDsLeNCueLgZFkybopjE0jUhLut6lm5eL3LTqbW0hMg==",
        "dependencies": {
          "OpenTelemetry.Api": "1.16.0"
        }
      },
      "Polly.Core": {
        "type": "Transitive",
        "resolved": "8.4.2",
        "contentHash": "BpE2I6HBYYA5tF0Vn4eoQOGYTYIK1BlF5EXVgkWGn3mqUUjbXAr13J6fZVbp7Q3epRR8yshacBMlsHMhpOiV3g=="
      },
      "Polly.Extensions": {
        "type": "Transitive",
        "resolved": "8.4.2",
        "contentHash": "GZ9vRVmR0jV2JtZavt+pGUsQ1O1cuRKG7R7VOZI6ZDy9y6RNPvRvXK1tuS4ffUrv8L0FTea59oEuQzgS0R7zSA==",
        "dependencies": {
          "Polly.Core": "8.4.2"
        }
      },
      "Polly.RateLimiting": {
        "type": "Transitive",
        "resolved": "8.4.2",
        "contentHash": "ehTImQ/eUyO07VYW2WvwSmU9rRH200SKJ/3jku9rOkyWE0A2JxNFmAVms8dSn49QLSjmjFRRSgfNyOgr/2PSmA==",
        "dependencies": {
          "Polly.Core": "8.4.2"
        }
      },
      "Serilog": {
        "type": "Transitive",
        "resolved": "4.3.0",
        "contentHash": "+cDryFR0GRhsGOnZSKwaDzRRl4MupvJ42FhCE4zhQRVanX0Jpg6WuCBk59OVhVDPmab1bB+nRykAnykYELA9qQ=="
      },
      "Serilog.Extensions.Hosting": {
        "type": "Transitive",
        "resolved": "10.0.0",
        "contentHash": "E7juuIc+gzoGxgzFooFgAV8g9BfiSXNKsUok9NmEpyAXg2odkcPsMa/Yo4axkJRlh0se7mkYQ1GXDaBemR+b6w==",
        "dependencies": {
          "Serilog": "4.3.0",
          "Serilog.Extensions.Logging": "10.0.0"
        }
      },
      "Serilog.Extensions.Logging": {
        "type": "Transitive",
        "resolved": "10.0.0",
        "contentHash": "vx0kABKl2dWbBhhqAfTOk53/i8aV/5VaT3a6il9gn72Wqs2pM7EK2OB6No6xdqK2IaY6Zf9gdjLuK9BVa2rT+Q==",
        "dependencies": {
          "Serilog": "4.2.0"
        }
      },
      "Serilog.Formatting.Compact": {
        "type": "Transitive",
        "resolved": "3.0.0",
        "contentHash": "wQsv14w9cqlfB5FX2MZpNsTawckN4a8dryuNGbebB/3Nh1pXnROHZov3swtu3Nj5oNG7Ba+xdu7Et/ulAUPanQ==",
        "dependencies": {
          "Serilog": "4.0.0"
        }
      },
      "Serilog.Settings.Configuration": {
        "type": "Transitive",
        "resolved": "10.0.0",
        "contentHash": "LNq+ibS1sbhTqPV1FIE69/9AJJbfaOhnaqkzcjFy95o+4U+STsta9mi97f1smgXsWYKICDeGUf8xUGzd/52/uA==",
        "dependencies": {
          "Microsoft.Extensions.DependencyModel": "10.0.0",
          "Serilog": "4.3.0"
        }
      },
      "Serilog.Sinks.Console": {
        "type": "Transitive",
        "resolved": "6.1.1",
        "contentHash": "8jbqgjUyZlfCuSTaJk6lOca465OndqOz3KZP6Cryt/IqZYybyBu7GP0fE/AXBzrrQB3EBmQntBFAvMVz1COvAA==",
        "dependencies": {
          "Serilog": "4.0.0"
        }
      },
      "Serilog.Sinks.Debug": {
        "type": "Transitive",
        "resolved": "3.0.0",
        "contentHash": "4BzXcdrgRX7wde9PmHuYd9U6YqycCC28hhpKonK7hx0wb19eiuRj16fPcPSVp0o/Y1ipJuNLYQ00R3q2Zs8FDA==",
        "dependencies": {
          "Serilog": "4.0.0"
        }
      },
      "Serilog.Sinks.File": {
        "type": "Transitive",
        "resolved": "7.0.0",
        "contentHash": "fKL7mXv7qaiNBUC71ssvn/dU0k9t0o45+qm2XgKAlSt19xF+ijjxyA3R6HmCgfKEKwfcfkwWjayuQtRueZFkYw==",
        "dependencies": {
          "Serilog": "4.2.0"
        }
      },
      "Swashbuckle.AspNetCore.Swagger": {
        "type": "Transitive",
        "resolved": "6.9.0",
        "contentHash": "P316kpxx5DnDvJwNWW8iTAXkh9DVenAxFGe9v4OUS0gil+vitH7F1feXhCtVeHN/616EFNTMh4pV2lcr9kkw/w==",
        "dependencies": {
          "Microsoft.OpenApi": "1.6.14"
        }
      },
      "Swashbuckle.AspNetCore.SwaggerGen": {
        "type": "Transitive",
        "resolved": "6.9.0",
        "contentHash": "FjeMR3fBzwVc5plfYjoHw9ptf8SOWMupvO9X35J5EgzT3L9dRqSxa+cBKzL8PwCyemY0xNrggQSB5+MFWx1axg==",
        "dependencies": {
          "Swashbuckle.AspNetCore.Swagger": "6.9.0"
        }
      },
      "Swashbuckle.AspNetCore.SwaggerUI": {
        "type": "Transitive",
        "resolved": "6.9.0",
        "contentHash": "0OxlWBFLl2gUESZX/K7QCTz9KctKy0VxHTvLIBcyWGD4z/fv5MCMW02qzYGcReLJr4yBnNDRzApKtLh6oBpe9A=="
      },
      "System.ClientModel": {
        "type": "Transitive",
        "resolved": "1.8.0",
        "contentHash": "AqRzhn0v29GGGLj/Z6gKq4lGNtvPHT4nHdG5PDJh9IfVjv/nYUVmX11hwwws1vDFeIAzrvmn0dPu8IjLtu6fAw==",
        "dependencies": {
          "System.Memory.Data": "8.0.1"
        }
      },
      "System.CodeDom": {
        "type": "Transitive",
        "resolved": "6.0.0",
        "contentHash": "CPc6tWO1LAer3IzfZufDBRL+UZQcj5uS207NHALQzP84Vp/z6wF0Aa0YZImOQY8iStY0A2zI/e3ihKNPfUm8XA=="
      },
      "System.Composition": {
        "type": "Transitive",
        "resolved": "9.0.0",
        "contentHash": "3Djj70fFTraOarSKmRnmRy/zm4YurICm+kiCtI0dYRqGJnLX6nJ+G3WYuFJ173cAPax/gh96REcbNiVqcrypFQ==",
        "dependencies": {
          "System.Composition.AttributedModel": "9.0.0",
          "System.Composition.Convention": "9.0.0",
          "System.Composition.Hosting": "9.0.0",
          "System.Composition.Runtime": "9.0.0",
          "System.Composition.TypedParts": "9.0.0"
        }
      },
      "System.Composition.AttributedModel": {
        "type": "Transitive",
        "resolved": "9.0.0",
        "contentHash": "iri00l/zIX9g4lHMY+Nz0qV1n40+jFYAmgsaiNn16xvt2RDwlqByNG4wgblagnDYxm3YSQQ0jLlC/7Xlk9CzyA=="
      },
      "System.Composition.Convention": {
        "type": "Transitive",
        "resolved": "9.0.0",
        "contentHash": "+vuqVP6xpi582XIjJi6OCsIxuoTZfR0M7WWufk3uGDeCl3wGW6KnpylUJ3iiXdPByPE0vR5TjJgR6hDLez4FQg==",
        "dependencies": {
          "System.Composition.AttributedModel": "9.0.0"
        }
      },
      "System.Composition.Hosting": {
        "type": "Transitive",
        "resolved": "9.0.0",
        "contentHash": "OFqSeFeJYr7kHxDfaViGM1ymk7d4JxK//VSoNF9Ux0gpqkLsauDZpu89kTHHNdCWfSljbFcvAafGyBoY094btQ==",
        "dependencies": {
          "System.Composition.Runtime": "9.0.0"
        }
      },
      "System.Composition.Runtime": {
        "type": "Transitive",
        "resolved": "9.0.0",
        "contentHash": "w1HOlQY1zsOWYussjFGZCEYF2UZXgvoYnS94NIu2CBnAGMbXFAX8PY8c92KwUItPmowal68jnVLBCzdrWLeEKA=="
      },
      "System.Composition.TypedParts": {
        "type": "Transitive",
        "resolved": "9.0.0",
        "contentHash": "aRZlojCCGEHDKqh43jaDgaVpYETsgd7Nx4g1zwLKMtv4iTo0627715ajEFNpEEBTgLmvZuv8K0EVxc3sM4NWJA==",
        "dependencies": {
          "System.Composition.AttributedModel": "9.0.0",
          "System.Composition.Hosting": "9.0.0",
          "System.Composition.Runtime": "9.0.0"
        }
      },
      "System.Configuration.ConfigurationManager": {
        "type": "Transitive",
        "resolved": "9.0.4",
        "contentHash": "dvjqKp+2LpGid6phzrdrS/2mmEPxFl3jE1+L7614q4ZChKbLJCpHXg6sBILlCCED1t//EE+un/UdAetzIMpqnw==",
        "dependencies": {
          "System.Security.Cryptography.ProtectedData": "9.0.4"
        }
      },
      "System.IdentityModel.Tokens.Jwt": {
        "type": "Transitive",
        "resolved": "8.18.0",
        "contentHash": "JxKlBca3/eXeH4koAGjEXOwrBdtwyDXwHXdYT5TQunp64TcVBl4wBCfmlGwhSG017Q/Qrz24leLxV6v2eknnJg==",
        "dependencies": {
          "Microsoft.IdentityModel.JsonWebTokens": "8.18.0",
          "Microsoft.IdentityModel.Tokens": "8.18.0"
        }
      },
      "System.IO.Packaging": {
        "type": "Transitive",
        "resolved": "10.0.2",
        "contentHash": "JTpM4z0wpoIHHDvlCU27HsXo+zVnpWib94HXQpzzr+jc/P9NYf4w353AK4MXyGq/grm1mbLi7eXsOsDU8sGmNg=="
      },
      "System.Memory.Data": {
        "type": "Transitive",
        "resolved": "8.0.1",
        "contentHash": "BVYuec3jV23EMRDeR7Dr1/qhx7369dZzJ9IWy2xylvb4YfXsrUxspWc4UWYid/tj4zZK58uGZqn2WQiaDMhmAg=="
      },
      "System.Security.Cryptography.Pkcs": {
        "type": "Transitive",
        "resolved": "10.0.7",
        "contentHash": "dbdKfF3eA5l+CXiAbDxiCxdezoxeanbue1ck8m49ih1L9uZG6ry8Ul8On6vpragyMDJJP4rQHUY/SWgk66tCYA=="
      },
      "System.Security.Cryptography.ProtectedData": {
        "type": "Transitive",
        "resolved": "9.0.4",
        "contentHash": "o94k2RKuAce3GeDMlUvIXlhVa1kWpJw95E6C9LwW0KlG0nj5+SgCiIxJ2Eroqb9sLtG1mEMbFttZIBZ13EJPvQ=="
      },
      "UglyToad.PdfPig.Core": {
        "type": "Transitive",
        "resolved": "1.7.0-custom-5",
        "contentHash": "bChQUAYApM6/vgBis0+fBTZyAVqjXdqshjZDCgI3dgwUplfLJxXRrnkCOdNj0a6JNcF32R4aLpnGpTc9QmmVmg=="
      },
      "UglyToad.PdfPig.Fonts": {
        "type": "Transitive",
        "resolved": "1.7.0-custom-5",
        "contentHash": "Z6SBBAIL8wRkJNhXGYaz0CrHnNrNeuNtmwRbBtQUA1b3TDhRQppOmHCIuhjb6Vu/Rirp6FIOtzAU1lXsGik90w==",
        "dependencies": {
          "UglyToad.PdfPig.Core": "1.7.0-custom-5",
          "UglyToad.PdfPig.Tokenization": "1.7.0-custom-5",
          "UglyToad.PdfPig.Tokens": "1.7.0-custom-5"
        }
      },
      "UglyToad.PdfPig.Tokenization": {
        "type": "Transitive",
        "resolved": "1.7.0-custom-5",
        "contentHash": "U8VVH7VJjv6czP7qWyzDq6CRaiJQe7/sESUCL8H3kiEa3zi0l9TonIKlD/YidQ5DlgTumracii6zjLyKPEFKwA==",
        "dependencies": {
          "UglyToad.PdfPig.Core": "1.7.0-custom-5",
          "UglyToad.PdfPig.Tokens": "1.7.0-custom-5"
        }
      },
      "UglyToad.PdfPig.Tokens": {
        "type": "Transitive",
        "resolved": "1.7.0-custom-5",
        "contentHash": "m/j5RVfL4eF/OwX6ASprzK+yzD3l7xdgQ7zQPgENhjxfuXD+hj6FSeZlmxSTt9ywvWcTCjGKAILl9XTK9iQgCQ==",
        "dependencies": {
          "UglyToad.PdfPig.Core": "1.7.0-custom-5"
        }
      }
    }
  }
}